// !$*UTF8*$!
{
	archiveVersion = 1;
	classes = {
	};
	objectVersion = 55;
	objects = {

/* Begin PBXBuildFile section */
		1BCD1A5129686E22006ABCF8 /* playerApp.swift in Sources */ = {isa = PBXBuildFile; fileRef = 1BCD1A5029686E22006ABCF8 /* playerApp.swift */; };
		1BCD1A5329686E22006ABCF8 /* ContentView.swift in Sources */ = {isa = PBXBuildFile; fileRef = 1BCD1A5229686E22006ABCF8 /* ContentView.swift */; };
		1BCD1A5529686E28006ABCF8 /* Assets.xcassets in Resources */ = {isa = PBXBuildFile; fileRef = 1BCD1A5429686E28006ABCF8 /* Assets.xcassets */; };
		1BCD1A5829686E28006ABCF8 /* Preview Assets.xcassets in Resources */ = {isa = PBXBuildFile; fileRef = 1BCD1A5729686E28006ABCF8 /* Preview Assets.xcassets */; };
		1BCD1A6029686ED1006ABCF8 /* AudioView.swift in Sources */ = {isa = PBXBuildFile; fileRef = 1BCD1A5F29686ED1006ABCF8 /* AudioView.swift */; };
		1BCD1A6329686F2A006ABCF8 /* Utils.swift in Sources */ = {isa = PBXBuildFile; fileRef = 1BCD1A6229686F2A006ABCF8 /* Utils.swift */; };
		1BCD1A6529686FFE006ABCF8 /* MenuView.swift in Sources */ = {isa = PBXBuildFile; fileRef = 1BCD1A6429686FFE006ABCF8 /* MenuView.swift */; };
		1BCD1A6729687038006ABCF8 /* VideoView.swift in Sources */ = {isa = PBXBuildFile; fileRef = 1BCD1A6629687038006ABCF8 /* VideoView.swift */; };
		1BCD1A6D29687853006ABCF8 /* SimpleImpl.swift in Sources */ = {isa = PBXBuildFile; fileRef = 1BCD1A6C29687853006ABCF8 /* SimpleImpl.swift */; };
/* End PBXBuildFile section */

/* Begin PBXFileReference section */
		1BCD1A4D29686E22006ABCF8 /* player.app */ = {isa = PBXFileReference; explicitFileType = wrapper.application; includeInIndex = 0; path = player.app; sourceTree = BUILT_PRODUCTS_DIR; };
		1BCD1A5029686E22006ABCF8 /* playerApp.swift */ = {isa = PBXFileReference; lastKnownFileType = sourcecode.swift; path = playerApp.swift; sourceTree = "<group>"; };
		1BCD1A5229686E22006ABCF8 /* ContentView.swift */ = {isa = PBXFileReference; lastKnownFileType = sourcecode.swift; path = ContentView.swift; sourceTree = "<group>"; };
		1BCD1A5429686E28006ABCF8 /* Assets.xcassets */ = {isa = PBXFileReference; lastKnownFileType = folder.assetcatalog; path = Assets.xcassets; sourceTree = "<group>"; };
		1BCD1A5729686E28006ABCF8 /* Preview Assets.xcassets */ = {isa = PBXFileReference; lastKnownFileType = folder.assetcatalog; path = "Preview Assets.xcassets"; sourceTree = "<group>"; };
		1BCD1A5F29686ED1006ABCF8 /* AudioView.swift */ = {isa = PBXFileReference; lastKnownFileType = sourcecode.swift; path = AudioView.swift; sourceTree = "<group>"; };
		1BCD1A6229686F2A006ABCF8 /* Utils.swift */ = {isa = PBXFileReference; lastKnownFileType = sourcecode.swift; path = Utils.swift; sourceTree = "<group>"; };
		1BCD1A6429686FFE006ABCF8 /* MenuView.swift */ = {isa = PBXFileReference; lastKnownFileType = sourcecode.swift; path = MenuView.swift; sourceTree = "<group>"; };
		1BCD1A6629687038006ABCF8 /* VideoView.swift */ = {isa = PBXFileReference; lastKnownFileType = sourcecode.swift; path = VideoView.swift; sourceTree = "<group>"; };
		1BCD1A6C29687853006ABCF8 /* SimpleImpl.swift */ = {isa = PBXFileReference; lastKnownFileType = sourcecode.swift; path = SimpleImpl.swift; sourceTree = "<group>"; };
		1BCD1A6E296878FE006ABCF8 /* README.md */ = {isa = PBXFileReference; lastKnownFileType = net.daringfireball.markdown; path = README.md; sourceTree = "<group>"; };
/* End PBXFileReference section */

/* Begin PBXFrameworksBuildPhase section */
		1BCD1A4A29686E22006ABCF8 /* Frameworks */ = {
			isa = PBXFrameworksBuildPhase;
			buildActionMask = 2147483647;
			files = (
			);
			runOnlyForDeploymentPostprocessing = 0;
		};
/* End PBXFrameworksBuildPhase section */

/* Begin PBXGroup section */
		1BCD1A4429686E22006ABCF8 = {
			isa = PBXGroup;
			children = (
				1BCD1A6E296878FE006ABCF8 /* README.md */,
				1BCD1A4F29686E22006ABCF8 /* player */,
				1BCD1A4E29686E22006ABCF8 /* Products */,
			);
			sourceTree = "<group>";
		};
		1BCD1A4E29686E22006ABCF8 /* Products */ = {
			isa = PBXGroup;
			children = (
				1BCD1A4D29686E22006ABCF8 /* player.app */,
			);
			name = Products;
			sourceTree = "<group>";
		};
		1BCD1A4F29686E22006ABCF8 /* player */ = {
			isa = PBXGroup;
			children = (
				1BCD1A6129686F07006ABCF8 /* utils */,
				1BCD1A5E29686EBF006ABCF8 /* components */,
				1BCD1A5029686E22006ABCF8 /* playerApp.swift */,
				1BCD1A5229686E22006ABCF8 /* ContentView.swift */,
				1BCD1A6429686FFE006ABCF8 /* MenuView.swift */,
				1BCD1A5429686E28006ABCF8 /* Assets.xcassets */,
				1BCD1A5629686E28006ABCF8 /* Preview Content */,
			);
			path = player;
			sourceTree = "<group>";
		};
		1BCD1A5629686E28006ABCF8 /* Preview Content */ = {
			isa = PBXGroup;
			children = (
				1BCD1A5729686E28006ABCF8 /* Preview Assets.xcassets */,
			);
			path = "Preview Content";
			sourceTree = "<group>";
		};
		1BCD1A5E29686EBF006ABCF8 /* components */ = {
			isa = PBXGroup;
			children = (
				1BCD1A6B296877C0006ABCF8 /* video */,
				1BCD1A6A296877B3006ABCF8 /* audio */,
				1BCD1A6C29687853006ABCF8 /* SimpleImpl.swift */,
			);
			path = components;
			sourceTree = "<group>";
		};
		1BCD1A6129686F07006ABCF8 /* utils */ = {
			isa = PBXGroup;
			children = (
				1BCD1A6229686F2A006ABCF8 /* Utils.swift */,
			);
			path = utils;
			sourceTree = "<group>";
		};
		1BCD1A6A296877B3006ABCF8 /* audio */ = {
			isa = PBXGroup;
			children = (
				1BCD1A5F29686ED1006ABCF8 /* AudioView.swift */,
			);
			path = audio;
			sourceTree = "<group>";
		};
		1BCD1A6B296877C0006ABCF8 /* video */ = {
			isa = PBXGroup;
			children = (
				1BCD1A6629687038006ABCF8 /* VideoView.swift */,
			);
			path = video;
			sourceTree = "<group>";
		};
/* End PBXGroup section */

/* Begin PBXNativeTarget section */
		1BCD1A4C29686E22006ABCF8 /* player */ = {
			isa = PBXNativeTarget;
			buildConfigurationList = 1BCD1A5B29686E28006ABCF8 /* Build configuration list for PBXNativeTarget "player" */;
			buildPhases = (
				1BCD1A4929686E22006ABCF8 /* Sources */,
				1BCD1A4A29686E22006ABCF8 /* Frameworks */,
				1BCD1A4B29686E22006ABCF8 /* Resources */,
			);
			buildRules = (
			);
			dependencies = (
			);
			name = player;
			productName = player;
			productReference = 1BCD1A4D29686E22006ABCF8 /* player.app */;
			productType = "com.apple.product-type.application";
		};
/* End PBXNativeTarget section */

/* Begin PBXProject section */
		1BCD1A4529686E22006ABCF8 /* Project object */ = {
			isa = PBXProject;
			attributes = {
				BuildIndependentTargetsInParallel = 1;
				LastSwiftUpdateCheck = 1340;
				LastUpgradeCheck = 1340;
				TargetAttributes = {
					1BCD1A4C29686E22006ABCF8 = {
						CreatedOnToolsVersion = 13.4.1;
					};
				};
			};
			buildConfigurationList = 1BCD1A4829686E22006ABCF8 /* Build configuration list for PBXProject "player" */;
			compatibilityVersion = "Xcode 13.0";
			developmentRegion = en;
			hasScannedForEncodings = 0;
			knownRegions = (
				en,
				Base,
			);
			mainGroup = 1BCD1A4429686E22006ABCF8;
			productRefGroup = 1BCD1A4E29686E22006ABCF8 /* Products */;
			projectDirPath = "";
			projectRoot = "";
			targets = (
				1BCD1A4C29686E22006ABCF8 /* player */,
			);
		};
/* End PBXProject section */

/* Begin PBXResourcesBuildPhase section */
		1BCD1A4B29686E22006ABCF8 /* Resources */ = {
			isa = PBXResourcesBuildPhase;
			buildActionMask = 2147483647;
			files = (
				1BCD1A5829686E28006ABCF8 /* Preview Assets.xcassets in Resources */,
				1BCD1A5529686E28006ABCF8 /* Assets.xcassets in Resources */,
			);
			runOnlyForDeploymentPostprocessing = 0;
		};
/* End PBXResourcesBuildPhase section */

/* Begin PBXSourcesBuildPhase section */
		1BCD1A4929686E22006ABCF8 /* Sources */ = {
			isa = PBXSourcesBuildPhase;
			buildActionMask = 2147483647;
			files = (
				1BCD1A6729687038006ABCF8 /* VideoView.swift in Sources */,
				1BCD1A6529686FFE006ABCF8 /* MenuView.swift in Sources */,
				1BCD1A6329686F2A006ABCF8 /* Utils.swift in Sources */,
				1BCD1A5329686E22006ABCF8 /* ContentView.swift in Sources */,
				1BCD1A6029686ED1006ABCF8 /* AudioView.swift in Sources */,
				1BCD1A6D29687853006ABCF8 /* SimpleImpl.swift in Sources */,
				1BCD1A5129686E22006ABCF8 /* playerApp.swift in Sources */,
			);
			runOnlyForDeploymentPostprocessing = 0;
		};
/* End PBXSourcesBuildPhase section */

/* Begin XCBuildConfiguration section */
		1BCD1A5929686E28006ABCF8 /* Debug */ = {
			isa = XCBuildConfiguration;
			buildSettings = {
				ALWAYS_SEARCH_USER_PATHS = NO;
				CLANG_ANALYZER_NONNULL = YES;
				CLANG_ANALYZER_NUMBER_OBJECT_CONVERSION = YES_AGGRESSIVE;
				CLANG_CXX_LANGUAGE_STANDARD = "gnu++17";
				CLANG_ENABLE_MODULES = YES;
				CLANG_ENABLE_OBJC_ARC = YES;
				CLANG_ENABLE_OBJC_WEAK = YES;
				CLANG_WARN_BLOCK_CAPTURE_AUTORELEASING = YES;
				CLANG_WARN_BOOL_CONVERSION = YES;
				CLANG_WARN_COMMA = YES;
				CLANG_WARN_CONSTANT_CONVERSION = YES;
				CLANG_WARN_DEPRECATED_OBJC_IMPLEMENTATIONS = YES;
				CLANG_WARN_DIRECT_OBJC_ISA_USAGE = YES_ERROR;
				CLANG_WARN_DOCUMENTATION_COMMENTS = YES;
				CLANG_WARN_EMPTY_BODY = YES;
				CLANG_WARN_ENUM_CONVERSION = YES;
				CLANG_WARN_INFINITE_RECURSION = YES;
				CLANG_WARN_INT_CONVERSION = YES;
				CLANG_WARN_NON_LITERAL_NULL_CONVERSION = YES;
				CLANG_WARN_OBJC_IMPLICIT_RETAIN_SELF = YES;
				CLANG_WARN_OBJC_LITERAL_CONVERSION = YES;
				CLANG_WARN_OBJC_ROOT_CLASS = YES_ERROR;
				CLANG_WARN_QUOTED_INCLUDE_IN_FRAMEWORK_HEADER = YES;
				CLANG_WARN_RANGE_LOOP_ANALYSIS = YES;
				CLANG_WARN_STRICT_PROTOTYPES = YES;
				CLANG_WARN_SUSPICIOUS_MOVE = YES;
				CLANG_WARN_UNGUARDED_AVAILABILITY = YES_AGGRESSIVE;
				CLANG_WARN_UNREACHABLE_CODE = YES;
				CLANG_WARN__DUPLICATE_METHOD_MATCH = YES;
				COPY_PHASE_STRIP = NO;
				DEBUG_INFORMATION_FORMAT = dwarf;
				ENABLE_STRICT_OBJC_MSGSEND = YES;
				ENABLE_TESTABILITY = YES;
				GCC_C_LANGUAGE_STANDARD = gnu11;
				GCC_DYNAMIC_NO_PIC = NO;
				GCC_NO_COMMON_BLOCKS = YES;
				GCC_OPTIMIZATION_LEVEL = 0;
				GCC_PREPROCESSOR_DEFINITIONS = (
					"DEBUG=1",
					"$(inherited)",
				);
				GCC_WARN_64_TO_32_BIT_CONVERSION = YES;
				GCC_WARN_ABOUT_RETURN_TYPE = YES_ERROR;
				GCC_WARN_UNDECLARED_SELECTOR = YES;
				GCC_WARN_UNINITIALIZED_AUTOS = YES_AGGRESSIVE;
				GCC_WARN_UNUSED_FUNCTION = YES;
				GCC_WARN_UNUSED_VARIABLE = YES;
				IPHONEOS_DEPLOYMENT_TARGET = 15.5;
				MTL_ENABLE_DEBUG_INFO = INCLUDE_SOURCE;
				MTL_FAST_MATH = YES;
				ONLY_ACTIVE_ARCH = YES;
				SDKROOT = iphoneos;
				SWIFT_ACTIVE_COMPILATION_CONDITIONS = DEBUG;
				SWIFT_OPTIMIZATION_LEVEL = "-Onone";
			};
			name = Debug;
		};
		1BCD1A5A29686E28006ABCF8 /* Release */ = {
			isa = XCBuildConfiguration;
			buildSettings = {
				ALWAYS_SEARCH_USER_PATHS = NO;
				CLANG_ANALYZER_NONNULL = YES;
				CLANG_ANALYZER_NUMBER_OBJECT_CONVERSION = YES_AGGRESSIVE;
				CLANG_CXX_LANGUAGE_STANDARD = "gnu++17";
				CLANG_ENABLE_MODULES = YES;
				CLANG_ENABLE_OBJC_ARC = YES;
				CLANG_ENABLE_OBJC_WEAK = YES;
				CLANG_WARN_BLOCK_CAPTURE_AUTORELEASING = YES;
				CLANG_WARN_BOOL_CONVERSION = YES;
				CLANG_WARN_COMMA = YES;
				CLANG_WARN_CONSTANT_CONVERSION = YES;
				CLANG_WARN_DEPRECATED_OBJC_IMPLEMENTATIONS = YES;
				CLANG_WARN_DIRECT_OBJC_ISA_USAGE = YES_ERROR;
				CLANG_WARN_DOCUMENTATION_COMMENTS = YES;
				CLANG_WARN_EMPTY_BODY = YES;
				CLANG_WARN_ENUM_CONVERSION = YES;
				CLANG_WARN_INFINITE_RECURSION = YES;
				CLANG_WARN_INT_CONVERSION = YES;
				CLANG_WARN_NON_LITERAL_NULL_CONVERSION = YES;
				CLANG_WARN_OBJC_IMPLICIT_RETAIN_SELF = YES;
				CLANG_WARN_OBJC_LITERAL_CONVERSION = YES;
				CLANG_WARN_OBJC_ROOT_CLASS = YES_ERROR;
				CLANG_WARN_QUOTED_INCLUDE_IN_FRAMEWORK_HEADER = YES;
				CLANG_WARN_RANGE_LOOP_ANALYSIS = YES;
				CLANG_WARN_STRICT_PROTOTYPES = YES;
				CLANG_WARN_SUSPICIOUS_MOVE = YES;
				CLANG_WARN_UNGUARDED_AVAILABILITY = YES_AGGRESSIVE;
				CLANG_WARN_UNREACHABLE_CODE = YES;
				CLANG_WARN__DUPLICATE_METHOD_MATCH = YES;
				COPY_PHASE_STRIP = NO;
				DEBUG_INFORMATION_FORMAT = "dwarf-with-dsym";
				ENABLE_NS_ASSERTIONS = NO;
				ENABLE_STRICT_OBJC_MSGSEND = YES;
				GCC_C_LANGUAGE_STANDARD = gnu11;
				GCC_NO_COMMON_BLOCKS = YES;
				GCC_WARN_64_TO_32_BIT_CONVERSION = YES;
				GCC_WARN_ABOUT_RETURN_TYPE = YES_ERROR;
				GCC_WARN_UNDECLARED_SELECTOR = YES;
				GCC_WARN_UNINITIALIZED_AUTOS = YES_AGGRESSIVE;
				GCC_WARN_UNUSED_FUNCTION = YES;
				GCC_WARN_UNUSED_VARIABLE = YES;
				IPHONEOS_DEPLOYMENT_TARGET = 15.5;
				MTL_ENABLE_DEBUG_INFO = NO;
				MTL_FAST_MATH = YES;
				SDKROOT = iphoneos;
				SWIFT_COMPILATION_MODE = wholemodule;
				SWIFT_OPTIMIZATION_LEVEL = "-O";
				VALIDATE_PRODUCT = YES;
			};
			name = Release;
		};
		1BCD1A5C29686E28006ABCF8 /* Debug */ = {
			isa = XCBuildConfiguration;
			buildSettings = {
				ASSETCATALOG_COMPILER_APPICON_NAME = AppIcon;
				ASSETCATALOG_COMPILER_GLOBAL_ACCENT_COLOR_NAME = AccentColor;
				CODE_SIGN_STYLE = Automatic;
				CURRENT_PROJECT_VERSION = 1;
				DEVELOPMENT_ASSET_PATHS = "\"player/Preview Content\"";
				DEVELOPMENT_TEAM = TPTZGCTSVC;
				ENABLE_PREVIEWS = YES;
				GENERATE_INFOPLIST_FILE = YES;
				INFOPLIST_KEY_UIApplicationSceneManifest_Generation = YES;
				INFOPLIST_KEY_UIApplicationSupportsIndirectInputEvents = YES;
				INFOPLIST_KEY_UILaunchScreen_Generation = YES;
				INFOPLIST_KEY_UISupportedInterfaceOrientations_iPad = "UIInterfaceOrientationPortrait UIInterfaceOrientationPortraitUpsideDown UIInterfaceOrientationLandscapeLeft UIInterfaceOrientationLandscapeRight";
				INFOPLIST_KEY_UISupportedInterfaceOrientations_iPhone = "UIInterfaceOrientationPortrait UIInterfaceOrientationLandscapeLeft UIInterfaceOrientationLandscapeRight";
				LD_RUNPATH_SEARCH_PATHS = (
					"$(inherited)",
					"@executable_path/Frameworks",
				);
				MARKETING_VERSION = 1.0;
				PRODUCT_BUNDLE_IDENTIFIER = com.quanticheart.player;
				PRODUCT_NAME = "$(TARGET_NAME)";
				SWIFT_EMIT_LOC_STRINGS = YES;
				SWIFT_VERSION = 5.0;
				TARGETED_DEVICE_FAMILY = "1,2";
			};
			name = Debug;
		};
		1BCD1A5D29686E28006ABCF8 /* Release */ = {
			isa = XCBuildConfiguration;
			buildSettings = {
				ASSETCATALOG_COMPILER_APPICON_NAME = AppIcon;
				ASSETCATALOG_COMPILER_GLOBAL_ACCENT_COLOR_NAME = AccentColor;
				CODE_SIGN_STYLE = Automatic;
				CURRENT_PROJECT_VERSION = 1;
				DEVELOPMENT_ASSET_PATHS = "\"player/Preview Content\"";
				DEVELOPMENT_TEAM = TPTZGCTSVC;
				ENABLE_PREVIEWS = YES;
				GENERATE_INFOPLIST_FILE = YES;
				INFOPLIST_KEY_UIApplicationSceneManifest_Generation = YES;
				INFOPLIST_KEY_UIApplicationSupportsIndirectInputEvents = YES;
				INFOPLIST_KEY_UILaunchScreen_Generation = YES;
				INFOPLIST_KEY_UISupportedInterfaceOrientations_iPad = "UIInterfaceOrientationPortrait UIInterfaceOrientationPortraitUpsideDown UIInterfaceOrientationLandscapeLeft UIInterfaceOrientationLandscapeRight";
				INFOPLIST_KEY_UISupportedInterfaceOrientations_iPhone = "UIInterfaceOrientationPortrait UIInterfaceOrientationLandscapeLeft UIInterfaceOrientationLandscapeRight";
				LD_RUNPATH_SEARCH_PATHS = (
					"$(inherited)",
					"@executable_path/Frameworks",
				);
				MARKETING_VERSION = 1.0;
				PRODUCT_BUNDLE_IDENTIFIER = com.quanticheart.player;
				PRODUCT_NAME = "$(TARGET_NAME)";
				SWIFT_EMIT_LOC_STRINGS = YES;
				SWIFT_VERSION = 5.0;
				TARGETED_DEVICE_FAMILY = "1,2";
			};
			name = Release;
		};
/* End XCBuildConfiguration section */

/* Begin XCConfigurationList section */
		1BCD1A4829686E22006ABCF8 /* Build configuration list for PBXProject "player" */ = {
			isa = XCConfigurationList;
			buildConfigurations = (
				1BCD1A5929686E28006ABCF8 /* Debug */,
				1BCD1A5A29686E28006ABCF8 /* Release */,
			);
			defaultConfigurationIsVisible = 0;
			defaultConfigurationName = Release;
		};
		1BCD1A5B29686E28006ABCF8 /* Build configuration list for PBXNativeTarget "player" */ = {
			isa = XCConfigurationList;
			buildConfigurations = (
				1BCD1A5C29686E28006ABCF8 /* Debug */,
				1BCD1A5D29686E28006ABCF8 /* Release */,
			);
			defaultConfigurationIsVisible = 0;
			defaultConfigurationName = Release;
		};
/* End XCConfigurationList section */
	};
	rootObject = 1BCD1A4529686E22006ABCF8 /* Project object */;
}
